
Microsoft Visual Studio Solution File, Format Version 12.00
# Visual Studio Version 17
VisualStudioVersion = 17.9.34728.123
MinimumVisualStudioVersion = 10.0.40219.1
Project("{FAE04EC0-301F-11D3-BF4B-00C04F79EFBC}") = "testBorrowsWheeler", "testBorrowsWheeler.csproj", "{B79DEE04-F54A-4F3D-B537-C3400FED2814}"
EndProject
Global
	GlobalSection(SolutionConfigurationPlatforms) = preSolution
		Debug|Any CPU = Debug|Any CPU
		Release|Any CPU = Release|Any CPU
	EndGlobalSection
	GlobalSection(ProjectConfigurationPlatforms) = postSolution
		{B79DEE04-F54A-4F3D-B537-C3400FED2814}.Debug|Any CPU.ActiveCfg = Debug|Any CPU
		{B79DEE04-F54A-4F3D-B537-C3400FED2814}.Debug|Any CPU.Build.0 = Debug|Any CPU
		{B79DEE04-F54A-4F3D-B537-C3400FED2814}.Release|Any CPU.ActiveCfg = Release|Any CPU
		{B79DEE04-F54A-4F3D-B537-C3400FED2814}.Release|Any CPU.Build.0 = Release|Any CPU
	EndGlobalSection
	GlobalSection(SolutionProperties) = preSolution
		HideSolutionNode = FALSE
	EndGlobalSection
	GlobalSection(ExtensibilityGlobals) = postSolution
		SolutionGuid = {BFD8E90B-9404-4E48-AB0A-AF399637B234}
	EndGlobalSection
EndGlobal
